hash: 1606d7a46d927584cfecd23935efce3eeb9e3e0686f62578c449273cd58a57b4
updated: 2018-04-19T13:50:32.483338+02:00
imports:
- name: github.com/dsnet/compress
  version: cc9eb1d7ad760af14e8f918698f745e80377af4f
  subpackages:
  - bzip2
  - bzip2/internal/sais
  - internal
  - internal/errors
  - internal/prefix
- name: github.com/fatih/color
  version: 507f6050b8568533fb3f5504de8e5205fa62a114
- name: github.com/inconshreveable/mousetrap
  version: 76626ae9c91c4f2a10f34cad8ce83ea42c93bb75
- name: github.com/mattn/go-colorable
  version: efa589957cd060542a26d2dd7832fd6a6c6c3ade
- name: github.com/mattn/go-isatty
  version: 6ca4dbf54d38eea1a992b3c722a76a5d1c4cb25c
- name: github.com/mholt/archiver
  version: cdc68dd1f170b8dfc1a0d2231b5bb0967ed67006
- name: github.com/nwaples/rardecode
  version: e06696f847aeda6f39a8f0b7cdff193b7690aef6
- name: github.com/spf13/cobra
  version: a1f051bc3eba734da4772d60e2d677f47cf93ef4
- name: github.com/spf13/pflag
  version: ee5fd03fd6acfd43e44aea0b4135958546ed8e73
- name: github.com/ulikunitz/xz
  version: 0c6b41e72360850ca4f98dc341fd999726ea007f
  subpackages:
  - internal/hash
  - internal/xlog
  - lzma
- name: github.com/yargevad/filepathx
  version: 907099cb5a626c26c0b04e01adca2798e63d030e
- name: golang.org/x/net
  version: 61147c48b25b599e5b561d2e9c4f3e1ef489ca41
  subpackages:
  - publicsuffix
- name: golang.org/x/sys
  version: 13d03a9a82fba647c21a0ef8fba44a795d0f0835
  subpackages:
  - unix
- name: gopkg.in/resty.v1
  version: f8815663de1e64d57cdd4ee9e2b2fa96977a030e
testImports: []
